
Microsoft Visual Studio Solution File, Format Version 12.00
# Visual Studio Version 17
VisualStudioVersion = 17.10.35004.147
MinimumVisualStudioVersion = 10.0.40219.1
Project("{FAE04EC0-301F-11D3-BF4B-00C04F79EFBC}") = "ATMmockup", "ATMmockup.csproj", "{B426A6A6-13BB-4273-9D22-61649ACBFFB7}"
EndProject
Global
	GlobalSection(SolutionConfigurationPlatforms) = preSolution
		Debug|Any CPU = Debug|Any CPU
		Release|Any CPU = Release|Any CPU
	EndGlobalSection
	GlobalSection(ProjectConfigurationPlatforms) = postSolution
		{B426A6A6-13BB-4273-9D22-61649ACBFFB7}.Debug|Any CPU.ActiveCfg = Debug|Any CPU
		{B426A6A6-13BB-4273-9D22-61649ACBFFB7}.Debug|Any CPU.Build.0 = Debug|Any CPU
		{B426A6A6-13BB-4273-9D22-61649ACBFFB7}.Release|Any CPU.ActiveCfg = Release|Any CPU
		{B426A6A6-13BB-4273-9D22-61649ACBFFB7}.Release|Any CPU.Build.0 = Release|Any CPU
	EndGlobalSection
	GlobalSection(SolutionProperties) = preSolution
		HideSolutionNode = FALSE
	EndGlobalSection
	GlobalSection(ExtensibilityGlobals) = postSolution
		SolutionGuid = {67DF9489-A949-4652-936A-97F4BF0CDE1F}
	EndGlobalSection
EndGlobal
